
Microsoft Visual Studio Solution File, Format Version 12.00
# Visual Studio Version 17
VisualStudioVersion = 17.9.34728.123
MinimumVisualStudioVersion = 10.0.40219.1
Project("{9A19103F-16F7-4668-BE54-9A1E7A4F7556}") = "Core.Persistence", "Core.Persistence\Core.Persistence.csproj", "{0C5D1E3C-AC4F-4E17-8058-40CD914B4072}"
EndProject
Project("{9A19103F-16F7-4668-BE54-9A1E7A4F7556}") = "Core.Application", "Core.Application\Core.Application.csproj", "{52088872-EA53-4B28-9173-1C4F5A07E03D}"
EndProject
Project("{9A19103F-16F7-4668-BE54-9A1E7A4F7556}") = "Core.CrossCuttingConcerns", "Core.CrossCuttingConcerns\Core.CrossCuttingConcerns.csproj", "{E5D1F279-A127-4E1A-A94A-3B5AE9F21115}"
EndProject
Project("{FAE04EC0-301F-11D3-BF4B-00C04F79EFBC}") = "Core.Security", "Core.Security\Core.Security.csproj", "{418E2428-68E2-44BC-A688-7F1E6D0F4915}"
EndProject
Global
	GlobalSection(SolutionConfigurationPlatforms) = preSolution
		Debug|Any CPU = Debug|Any CPU
		Release|Any CPU = Release|Any CPU
	EndGlobalSection
	GlobalSection(ProjectConfigurationPlatforms) = postSolution
		{0C5D1E3C-AC4F-4E17-8058-40CD914B4072}.Debug|Any CPU.ActiveCfg = Debug|Any CPU
		{0C5D1E3C-AC4F-4E17-8058-40CD914B4072}.Debug|Any CPU.Build.0 = Debug|Any CPU
		{0C5D1E3C-AC4F-4E17-8058-40CD914B4072}.Release|Any CPU.ActiveCfg = Release|Any CPU
		{0C5D1E3C-AC4F-4E17-8058-40CD914B4072}.Release|Any CPU.Build.0 = Release|Any CPU
		{52088872-EA53-4B28-9173-1C4F5A07E03D}.Debug|Any CPU.ActiveCfg = Debug|Any CPU
		{52088872-EA53-4B28-9173-1C4F5A07E03D}.Debug|Any CPU.Build.0 = Debug|Any CPU
		{52088872-EA53-4B28-9173-1C4F5A07E03D}.Release|Any CPU.ActiveCfg = Release|Any CPU
		{52088872-EA53-4B28-9173-1C4F5A07E03D}.Release|Any CPU.Build.0 = Release|Any CPU
		{E5D1F279-A127-4E1A-A94A-3B5AE9F21115}.Debug|Any CPU.ActiveCfg = Debug|Any CPU
		{E5D1F279-A127-4E1A-A94A-3B5AE9F21115}.Debug|Any CPU.Build.0 = Debug|Any CPU
		{E5D1F279-A127-4E1A-A94A-3B5AE9F21115}.Release|Any CPU.ActiveCfg = Release|Any CPU
		{E5D1F279-A127-4E1A-A94A-3B5AE9F21115}.Release|Any CPU.Build.0 = Release|Any CPU
		{418E2428-68E2-44BC-A688-7F1E6D0F4915}.Debug|Any CPU.ActiveCfg = Debug|Any CPU
		{418E2428-68E2-44BC-A688-7F1E6D0F4915}.Debug|Any CPU.Build.0 = Debug|Any CPU
		{418E2428-68E2-44BC-A688-7F1E6D0F4915}.Release|Any CPU.ActiveCfg = Release|Any CPU
		{418E2428-68E2-44BC-A688-7F1E6D0F4915}.Release|Any CPU.Build.0 = Release|Any CPU
	EndGlobalSection
	GlobalSection(SolutionProperties) = preSolution
		HideSolutionNode = FALSE
	EndGlobalSection
	GlobalSection(ExtensibilityGlobals) = postSolution
		SolutionGuid = {10CC5C71-63F1-418F-AC55-D5A0254C6283}
	EndGlobalSection
EndGlobal
